// !$*UTF8*$!
{
	archiveVersion = 1;
	classes = {
	};
	objectVersion = 46;
	objects = {

/* Begin PBXBuildFile section */
		66CFAEAE1A97DCE600B84EBC /* main.cpp in Sources */ = {isa = PBXBuildFile; fileRef = 66CFAEAD1A97DCE600B84EBC /* main.cpp */; };
/* End PBXBuildFile section */

/* Begin PBXCopyFilesBuildPhase section */
		667FAA281A9706DC00ACA8DE /* CopyFiles */ = {
			isa = PBXCopyFilesBuildPhase;
			buildActionMask = 2147483647;
			dstPath = /usr/share/man/man1/;
			dstSubfolderSpec = 0;
			files = (
			);
			runOnlyForDeploymentPostprocessing = 1;
		};
/* End PBXCopyFilesBuildPhase section */

/* Begin PBXFileReference section */
		667FAA2A1A9706DC00ACA8DE /* RomanKATA */ = {isa = PBXFileReference; explicitFileType = "compiled.mach-o.executable"; includeInIndex = 0; path = RomanKATA; sourceTree = BUILT_PRODUCTS_DIR; };
		66CFAEAC1A97DCE600B84EBC /* Catch.hpp */ = {isa = PBXFileReference; fileEncoding = 4; lastKnownFileType = sourcecode.cpp.h; path = Catch.hpp; sourceTree = SOURCE_ROOT; };
		66CFAEAD1A97DCE600B84EBC /* main.cpp */ = {isa = PBXFileReference; fileEncoding = 4; lastKnownFileType = sourcecode.cpp.cpp; path = main.cpp; sourceTree = SOURCE_ROOT; };
/* End PBXFileReference section */

/* Begin PBXFrameworksBuildPhase section */
		667FAA271A9706DC00ACA8DE /* Frameworks */ = {
			isa = PBXFrameworksBuildPhase;
			buildActionMask = 2147483647;
			files = (
			);
			runOnlyForDeploymentPostprocessing = 0;
		};
/* End PBXFrameworksBuildPhase section */

/* Begin PBXGroup section */
		667FAA211A9706DC00ACA8DE = {
			isa = PBXGroup;
			children = (
				667FAA2C1A9706DC00ACA8DE /* RomanKATA */,
				667FAA2B1A9706DC00ACA8DE /* Products */,
			);
			sourceTree = "<group>";
		};
		667FAA2B1A9706DC00ACA8DE /* Products */ = {
			isa = PBXGroup;
			children = (
				667FAA2A1A9706DC00ACA8DE /* RomanKATA */,
			);
			name = Products;
			sourceTree = "<group>";
		};
		667FAA2C1A9706DC00ACA8DE /* RomanKATA */ = {
			isa = PBXGroup;
			children = (
				66CFAEAC1A97DCE600B84EBC /* Catch.hpp */,
				66CFAEAD1A97DCE600B84EBC /* main.cpp */,
			);
			path = RomanKATA;
			sourceTree = "<group>";
		};
/* End PBXGroup section */

/* Begin PBXNativeTarget section */
		667FAA291A9706DC00ACA8DE /* RomanKATA */ = {
			isa = PBXNativeTarget;
			buildConfigurationList = 667FAA311A9706DC00ACA8DE /* Build configuration list for PBXNativeTarget "RomanKATA" */;
			buildPhases = (
				667FAA261A9706DC00ACA8DE /* Sources */,
				667FAA271A9706DC00ACA8DE /* Frameworks */,
				667FAA281A9706DC00ACA8DE /* CopyFiles */,
			);
			buildRules = (
			);
			dependencies = (
			);
			name = RomanKATA;
			productName = RomanKATA;
			productReference = 667FAA2A1A9706DC00ACA8DE /* RomanKATA */;
			productType = "com.apple.product-type.tool";
		};
/* End PBXNativeTarget section */

/* Begin PBXProject section */
		667FAA221A9706DC00ACA8DE /* Project object */ = {
			isa = PBXProject;
			attributes = {
				LastUpgradeCheck = 0610;
				ORGANIZATIONNAME = "Adam Walters";
				TargetAttributes = {
					667FAA291A9706DC00ACA8DE = {
						CreatedOnToolsVersion = 6.1.1;
					};
				};
			};
			buildConfigurationList = 667FAA251A9706DC00ACA8DE /* Build configuration list for PBXProject "RomanKATA" */;
			compatibilityVersion = "Xcode 3.2";
			developmentRegion = English;
			hasScannedForEncodings = 0;
			knownRegions = (
				en,
			);
			mainGroup = 667FAA211A9706DC00ACA8DE;
			productRefGroup = 667FAA2B1A9706DC00ACA8DE /* Products */;
			projectDirPath = "";
			projectRoot = "";
			targets = (
				667FAA291A9706DC00ACA8DE /* RomanKATA */,
			);
		};
/* End PBXProject section */

/* Begin PBXSourcesBuildPhase section */
		667FAA261A9706DC00ACA8DE /* Sources */ = {
			isa = PBXSourcesBuildPhase;
			buildActionMask = 2147483647;
			files = (
				66CFAEAE1A97DCE600B84EBC /* main.cpp in Sources */,
			);
			runOnlyForDeploymentPostprocessing = 0;
		};
/* End PBXSourcesBuildPhase section */

/* Begin XCBuildConfiguration section */
		667FAA2F1A9706DC00ACA8DE /* Debug */ = {
			isa = XCBuildConfiguration;
			buildSettings = {
				ALWAYS_SEARCH_USER_PATHS = NO;
				CLANG_CXX_LANGUAGE_STANDARD = "gnu++0x";
				CLANG_CXX_LIBRARY = "libc++";
				CLANG_ENABLE_MODULES = YES;
				CLANG_ENABLE_OBJC_ARC = YES;
				CLANG_WARN_BOOL_CONVERSION = YES;
				CLANG_WARN_CONSTANT_CONVERSION = YES;
				CLANG_WARN_DIRECT_OBJC_ISA_USAGE = YES_ERROR;
				CLANG_WARN_EMPTY_BODY = YES;
				CLANG_WARN_ENUM_CONVERSION = YES;
				CLANG_WARN_INT_CONVERSION = YES;
				CLANG_WARN_OBJC_ROOT_CLASS = YES_ERROR;
				CLANG_WARN_UNREACHABLE_CODE = YES;
				CLANG_WARN__DUPLICATE_METHOD_MATCH = YES;
				COPY_PHASE_STRIP = NO;
				ENABLE_STRICT_OBJC_MSGSEND = YES;
				GCC_C_LANGUAGE_STANDARD = gnu99;
				GCC_DYNAMIC_NO_PIC = NO;
				GCC_OPTIMIZATION_LEVEL = 0;
				GCC_PREPROCESSOR_DEFINITIONS = (
					"DEBUG=1",
					"$(inherited)",
				);
				GCC_SYMBOLS_PRIVATE_EXTERN = NO;
				GCC_WARN_64_TO_32_BIT_CONVERSION = YES;
				GCC_WARN_ABOUT_RETURN_TYPE = YES_ERROR;
				GCC_WARN_UNDECLARED_SELECTOR = YES;
				GCC_WARN_UNINITIALIZED_AUTOS = YES_AGGRESSIVE;
				GCC_WARN_UNUSED_FUNCTION = YES;
				GCC_WARN_UNUSED_VARIABLE = YES;
				MACOSX_DEPLOYMENT_TARGET = 10.9;
				MTL_ENABLE_DEBUG_INFO = YES;
				ONLY_ACTIVE_ARCH = YES;
				SDKROOT = macosx;
			};
			name = Debug;
		};
		667FAA301A9706DC00ACA8DE /* Release */ = {
			isa = XCBuildConfiguration;
			buildSettings = {
				ALWAYS_SEARCH_USER_PATHS = NO;
				CLANG_CXX_LANGUAGE_STANDARD = "gnu++0x";
				CLANG_CXX_LIBRARY = "libc++";
				CLANG_ENABLE_MODULES = YES;
				CLANG_ENABLE_OBJC_ARC = YES;
				CLANG_WARN_BOOL_CONVERSION = YES;
				CLANG_WARN_CONSTANT_CONVERSION = YES;
				CLANG_WARN_DIRECT_OBJC_ISA_USAGE = YES_ERROR;
				CLANG_WARN_EMPTY_BODY = YES;
				CLANG_WARN_ENUM_CONVERSION = YES;
				CLANG_WARN_INT_CONVERSION = YES;
				CLANG_WARN_OBJC_ROOT_CLASS = YES_ERROR;
				CLANG_WARN_UNREACHABLE_CODE = YES;
				CLANG_WARN__DUPLICATE_METHOD_MATCH = YES;
				COPY_PHASE_STRIP = YES;
				DEBUG_INFORMATION_FORMAT = "dwarf-with-dsym";
				ENABLE_NS_ASSERTIONS = NO;
				ENABLE_STRICT_OBJC_MSGSEND = YES;
				GCC_C_LANGUAGE_STANDARD = gnu99;
				GCC_WARN_64_TO_32_BIT_CONVERSION = YES;
				GCC_WARN_ABOUT_RETURN_TYPE = YES_ERROR;
				GCC_WARN_UNDECLARED_SELECTOR = YES;
				GCC_WARN_UNINITIALIZED_AUTOS = YES_AGGRESSIVE;
				GCC_WARN_UNUSED_FUNCTION = YES;
				GCC_WARN_UNUSED_VARIABLE = YES;
				MACOSX_DEPLOYMENT_TARGET = 10.9;
				MTL_ENABLE_DEBUG_INFO = NO;
				SDKROOT = macosx;
			};
			name = Release;
		};
		667FAA321A9706DC00ACA8DE /* Debug */ = {
			isa = XCBuildConfiguration;
			buildSettings = {
				PRODUCT_NAME = "$(TARGET_NAME)";
			};
			name = Debug;
		};
		667FAA331A9706DC00ACA8DE /* Release */ = {
			isa = XCBuildConfiguration;
			buildSettings = {
				PRODUCT_NAME = "$(TARGET_NAME)";
			};
			name = Release;
		};
/* End XCBuildConfiguration section */

/* Begin XCConfigurationList section */
		667FAA251A9706DC00ACA8DE /* Build configuration list for PBXProject "RomanKATA" */ = {
			isa = XCConfigurationList;
			buildConfigurations = (
				667FAA2F1A9706DC00ACA8DE /* Debug */,
				667FAA301A9706DC00ACA8DE /* Release */,
			);
			defaultConfigurationIsVisible = 0;
			defaultConfigurationName = Release;
		};
		667FAA311A9706DC00ACA8DE /* Build configuration list for PBXNativeTarget "RomanKATA" */ = {
			isa = XCConfigurationList;
			buildConfigurations = (
				667FAA321A9706DC00ACA8DE /* Debug */,
				667FAA331A9706DC00ACA8DE /* Release */,
			);
			defaultConfigurationIsVisible = 0;
			defaultConfigurationName = Release;
		};
/* End XCConfigurationList section */
	};
	rootObject = 667FAA221A9706DC00ACA8DE /* Project object */;
}
